
Microsoft Visual Studio Solution File, Format Version 12.00
# Visual Studio 2013
VisualStudioVersion = 12.0.30501.0
MinimumVisualStudioVersion = 10.0.40219.1
Project("{F2A71F9B-5D33-465A-A702-920D77279786}") = "LorenzAttractor", "LorenzAttractor\LorenzAttractor.fsproj", "{780531EC-3662-4AC2-AAD4-7FA7E32F1A49}"
EndProject
Project("{F2A71F9B-5D33-465A-A702-920D77279786}") = "LorenzAttractorWebFrank", "LorenzAttractorWebFrank\LorenzAttractorWebFrank.fsproj", "{0EBC699E-0E13-4459-8A57-F7615EDE2DC7}"
EndProject
Project("{2150E333-8FDC-42A3-9474-1A3956D46DE8}") = "Solution Items", "Solution Items", "{B5903C2A-B49B-46C8-A40B-DB27F009FE5B}"
	ProjectSection(SolutionItems) = preProject
		readme.md = readme.md
	EndProjectSection
EndProject
Project("{2150E333-8FDC-42A3-9474-1A3956D46DE8}") = ".nuget", ".nuget", "{AC4D32AA-6BE0-44F1-A942-626C16A1E1C9}"
	ProjectSection(SolutionItems) = preProject
		.nuget\NuGet.Config = .nuget\NuGet.Config
		.nuget\NuGet.targets = .nuget\NuGet.targets
		.nuget\packages.config = .nuget\packages.config
	EndProjectSection
EndProject
Global
	GlobalSection(SolutionConfigurationPlatforms) = preSolution
		Debug|Any CPU = Debug|Any CPU
		Debug|Mixed Platforms = Debug|Mixed Platforms
		Debug|x86 = Debug|x86
		Release|Any CPU = Release|Any CPU
		Release|Mixed Platforms = Release|Mixed Platforms
		Release|x86 = Release|x86
	EndGlobalSection
	GlobalSection(ProjectConfigurationPlatforms) = postSolution
		{780531EC-3662-4AC2-AAD4-7FA7E32F1A49}.Debug|Any CPU.ActiveCfg = Debug|Any CPU
		{780531EC-3662-4AC2-AAD4-7FA7E32F1A49}.Debug|Any CPU.Build.0 = Debug|Any CPU
		{780531EC-3662-4AC2-AAD4-7FA7E32F1A49}.Debug|Mixed Platforms.ActiveCfg = Debug|Any CPU
		{780531EC-3662-4AC2-AAD4-7FA7E32F1A49}.Debug|Mixed Platforms.Build.0 = Debug|Any CPU
		{780531EC-3662-4AC2-AAD4-7FA7E32F1A49}.Debug|x86.ActiveCfg = Debug|Any CPU
		{780531EC-3662-4AC2-AAD4-7FA7E32F1A49}.Release|Any CPU.ActiveCfg = Release|Any CPU
		{780531EC-3662-4AC2-AAD4-7FA7E32F1A49}.Release|Any CPU.Build.0 = Release|Any CPU
		{780531EC-3662-4AC2-AAD4-7FA7E32F1A49}.Release|Mixed Platforms.ActiveCfg = Release|Any CPU
		{780531EC-3662-4AC2-AAD4-7FA7E32F1A49}.Release|Mixed Platforms.Build.0 = Release|Any CPU
		{780531EC-3662-4AC2-AAD4-7FA7E32F1A49}.Release|x86.ActiveCfg = Release|Any CPU
		{0EBC699E-0E13-4459-8A57-F7615EDE2DC7}.Debug|Any CPU.ActiveCfg = Debug|x86
		{0EBC699E-0E13-4459-8A57-F7615EDE2DC7}.Debug|Mixed Platforms.ActiveCfg = Debug|x86
		{0EBC699E-0E13-4459-8A57-F7615EDE2DC7}.Debug|Mixed Platforms.Build.0 = Debug|x86
		{0EBC699E-0E13-4459-8A57-F7615EDE2DC7}.Debug|x86.ActiveCfg = Debug|x86
		{0EBC699E-0E13-4459-8A57-F7615EDE2DC7}.Debug|x86.Build.0 = Debug|x86
		{0EBC699E-0E13-4459-8A57-F7615EDE2DC7}.Release|Any CPU.ActiveCfg = Release|x86
		{0EBC699E-0E13-4459-8A57-F7615EDE2DC7}.Release|Mixed Platforms.ActiveCfg = Release|x86
		{0EBC699E-0E13-4459-8A57-F7615EDE2DC7}.Release|Mixed Platforms.Build.0 = Release|x86
		{0EBC699E-0E13-4459-8A57-F7615EDE2DC7}.Release|x86.ActiveCfg = Release|x86
		{0EBC699E-0E13-4459-8A57-F7615EDE2DC7}.Release|x86.Build.0 = Release|x86
	EndGlobalSection
	GlobalSection(SolutionProperties) = preSolution
		HideSolutionNode = FALSE
	EndGlobalSection
EndGlobal
